
Microsoft Visual Studio Solution File, Format Version 12.00
# Visual Studio Version 16
VisualStudioVersion = 16.0.30204.135
MinimumVisualStudioVersion = 10.0.40219.1
Project("{FAE04EC0-301F-11D3-BF4B-00C04F79EFBC}") = "Lawyers_Web_App.WEB", "Lawyers_Web_App.WEB\Lawyers_Web_App.WEB.csproj", "{C01BCA8A-9F45-4ABC-8353-965312A99DBD}"
EndProject
Project("{FAE04EC0-301F-11D3-BF4B-00C04F79EFBC}") = "Lawyers_Web_App.DAL", "Lawyers_Web_App.DAL\Lawyers_Web_App.DAL.csproj", "{FA4656EE-F675-4F41-99C1-7FAAFB22C11D}"
EndProject
Project("{FAE04EC0-301F-11D3-BF4B-00C04F79EFBC}") = "Lawyers_Web_App.BLL", "Lawyers_Web_App.BLL\Lawyers_Web_App.BLL.csproj", "{646731B4-4413-4635-84B9-F4DCDD2DF6CC}"
EndProject
Global
	GlobalSection(SolutionConfigurationPlatforms) = preSolution
		Debug|Any CPU = Debug|Any CPU
		Release|Any CPU = Release|Any CPU
	EndGlobalSection
	GlobalSection(ProjectConfigurationPlatforms) = postSolution
		{C01BCA8A-9F45-4ABC-8353-965312A99DBD}.Debug|Any CPU.ActiveCfg = Debug|Any CPU
		{C01BCA8A-9F45-4ABC-8353-965312A99DBD}.Debug|Any CPU.Build.0 = Debug|Any CPU
		{C01BCA8A-9F45-4ABC-8353-965312A99DBD}.Release|Any CPU.ActiveCfg = Release|Any CPU
		{C01BCA8A-9F45-4ABC-8353-965312A99DBD}.Release|Any CPU.Build.0 = Release|Any CPU
		{FA4656EE-F675-4F41-99C1-7FAAFB22C11D}.Debug|Any CPU.ActiveCfg = Debug|Any CPU
		{FA4656EE-F675-4F41-99C1-7FAAFB22C11D}.Debug|Any CPU.Build.0 = Debug|Any CPU
		{FA4656EE-F675-4F41-99C1-7FAAFB22C11D}.Release|Any CPU.ActiveCfg = Release|Any CPU
		{FA4656EE-F675-4F41-99C1-7FAAFB22C11D}.Release|Any CPU.Build.0 = Release|Any CPU
		{646731B4-4413-4635-84B9-F4DCDD2DF6CC}.Debug|Any CPU.ActiveCfg = Debug|Any CPU
		{646731B4-4413-4635-84B9-F4DCDD2DF6CC}.Debug|Any CPU.Build.0 = Debug|Any CPU
		{646731B4-4413-4635-84B9-F4DCDD2DF6CC}.Release|Any CPU.ActiveCfg = Release|Any CPU
		{646731B4-4413-4635-84B9-F4DCDD2DF6CC}.Release|Any CPU.Build.0 = Release|Any CPU
	EndGlobalSection
	GlobalSection(SolutionProperties) = preSolution
		HideSolutionNode = FALSE
	EndGlobalSection
	GlobalSection(ExtensibilityGlobals) = postSolution
		SolutionGuid = {B62B231E-72CA-4FBA-8283-90F42D862761}
	EndGlobalSection
EndGlobal
